
Microsoft Visual Studio Solution File, Format Version 12.00
# Visual Studio Version 17
VisualStudioVersion = 17.9.34728.123
MinimumVisualStudioVersion = 10.0.40219.1
Project("{FAE04EC0-301F-11D3-BF4B-00C04F79EFBC}") = "School_API", "School_API\School_API.csproj", "{206269B2-9DDA-43A1-AEB5-F24DFE93E645}"
EndProject
Project("{FAE04EC0-301F-11D3-BF4B-00C04F79EFBC}") = "SharedModels", "SharedModels\SharedModels.csproj", "{4E2E5096-3CC1-4FFF-BB86-9F1EE83852EF}"
EndProject
Global
	GlobalSection(SolutionConfigurationPlatforms) = preSolution
		Debug|Any CPU = Debug|Any CPU
		Release|Any CPU = Release|Any CPU
	EndGlobalSection
	GlobalSection(ProjectConfigurationPlatforms) = postSolution
		{206269B2-9DDA-43A1-AEB5-F24DFE93E645}.Debug|Any CPU.ActiveCfg = Debug|Any CPU
		{206269B2-9DDA-43A1-AEB5-F24DFE93E645}.Debug|Any CPU.Build.0 = Debug|Any CPU
		{206269B2-9DDA-43A1-AEB5-F24DFE93E645}.Release|Any CPU.ActiveCfg = Release|Any CPU
		{206269B2-9DDA-43A1-AEB5-F24DFE93E645}.Release|Any CPU.Build.0 = Release|Any CPU
		{4E2E5096-3CC1-4FFF-BB86-9F1EE83852EF}.Debug|Any CPU.ActiveCfg = Debug|Any CPU
		{4E2E5096-3CC1-4FFF-BB86-9F1EE83852EF}.Debug|Any CPU.Build.0 = Debug|Any CPU
		{4E2E5096-3CC1-4FFF-BB86-9F1EE83852EF}.Release|Any CPU.ActiveCfg = Release|Any CPU
		{4E2E5096-3CC1-4FFF-BB86-9F1EE83852EF}.Release|Any CPU.Build.0 = Release|Any CPU
	EndGlobalSection
	GlobalSection(SolutionProperties) = preSolution
		HideSolutionNode = FALSE
	EndGlobalSection
	GlobalSection(ExtensibilityGlobals) = postSolution
		SolutionGuid = {0E65B74A-F8AC-4166-9950-83EF6C5E260F}
	EndGlobalSection
EndGlobal
